
Microsoft Visual Studio Solution File, Format Version 12.00
# Visual Studio Version 16
VisualStudioVersion = 16.0.29326.143
MinimumVisualStudioVersion = 10.0.40219.1
Project("{FAE04EC0-301F-11D3-BF4B-00C04F79EFBC}") = "PropMan", "PropMan\PropMan.csproj", "{6CB3C776-7395-433D-A4B7-6C0A432AA96C}"
EndProject
Global
	GlobalSection(SolutionConfigurationPlatforms) = preSolution
		Debug|Any CPU = Debug|Any CPU
		Release|Any CPU = Release|Any CPU
	EndGlobalSection
	GlobalSection(ProjectConfigurationPlatforms) = postSolution
		{6CB3C776-7395-433D-A4B7-6C0A432AA96C}.Debug|Any CPU.ActiveCfg = Debug|Any CPU
		{6CB3C776-7395-433D-A4B7-6C0A432AA96C}.Debug|Any CPU.Build.0 = Debug|Any CPU
		{6CB3C776-7395-433D-A4B7-6C0A432AA96C}.Release|Any CPU.ActiveCfg = Release|Any CPU
		{6CB3C776-7395-433D-A4B7-6C0A432AA96C}.Release|Any CPU.Build.0 = Release|Any CPU
	EndGlobalSection
	GlobalSection(SolutionProperties) = preSolution
		HideSolutionNode = FALSE
	EndGlobalSection
	GlobalSection(ExtensibilityGlobals) = postSolution
		SolutionGuid = {687EE321-5A17-46B8-B5A4-83D91C93B644}
	EndGlobalSection
EndGlobal
